
Microsoft Visual Studio Solution File, Format Version 12.00
# Visual Studio Version 17
VisualStudioVersion = 17.11.35222.181
MinimumVisualStudioVersion = 10.0.40219.1
Project("{FAE04EC0-301F-11D3-BF4B-00C04F79EFBC}") = "Semana 5", "Semana 5\Semana 5.csproj", "{A7F0FA84-1678-4401-AAA4-191D86C15C0F}"
EndProject
Global
	GlobalSection(SolutionConfigurationPlatforms) = preSolution
		Debug|Any CPU = Debug|Any CPU
		Release|Any CPU = Release|Any CPU
	EndGlobalSection
	GlobalSection(ProjectConfigurationPlatforms) = postSolution
		{A7F0FA84-1678-4401-AAA4-191D86C15C0F}.Debug|Any CPU.ActiveCfg = Debug|Any CPU
		{A7F0FA84-1678-4401-AAA4-191D86C15C0F}.Debug|Any CPU.Build.0 = Debug|Any CPU
		{A7F0FA84-1678-4401-AAA4-191D86C15C0F}.Release|Any CPU.ActiveCfg = Release|Any CPU
		{A7F0FA84-1678-4401-AAA4-191D86C15C0F}.Release|Any CPU.Build.0 = Release|Any CPU
	EndGlobalSection
	GlobalSection(SolutionProperties) = preSolution
		HideSolutionNode = FALSE
	EndGlobalSection
	GlobalSection(ExtensibilityGlobals) = postSolution
		SolutionGuid = {5B35D45D-61E9-4145-9062-E691E4E82647}
	EndGlobalSection
EndGlobal
